
Microsoft Visual Studio Solution File, Format Version 12.00
# Visual Studio Version 16
VisualStudioVersion = 16.0.31911.196
MinimumVisualStudioVersion = 10.0.40219.1
Project("{9A19103F-16F7-4668-BE54-9A1E7A4F7556}") = "Neuro_network", "Neuro_network.csproj", "{08BD1042-6E0E-4952-AF16-270D8F6913CA}"
EndProject
Global
	GlobalSection(SolutionConfigurationPlatforms) = preSolution
		Debug|Any CPU = Debug|Any CPU
		Release|Any CPU = Release|Any CPU
	EndGlobalSection
	GlobalSection(ProjectConfigurationPlatforms) = postSolution
		{08BD1042-6E0E-4952-AF16-270D8F6913CA}.Debug|Any CPU.ActiveCfg = Debug|Any CPU
		{08BD1042-6E0E-4952-AF16-270D8F6913CA}.Debug|Any CPU.Build.0 = Debug|Any CPU
		{08BD1042-6E0E-4952-AF16-270D8F6913CA}.Release|Any CPU.ActiveCfg = Release|Any CPU
		{08BD1042-6E0E-4952-AF16-270D8F6913CA}.Release|Any CPU.Build.0 = Release|Any CPU
	EndGlobalSection
	GlobalSection(SolutionProperties) = preSolution
		HideSolutionNode = FALSE
	EndGlobalSection
	GlobalSection(ExtensibilityGlobals) = postSolution
		SolutionGuid = {D970B969-BCE2-4911-9D72-0EC756CB8E07}
	EndGlobalSection
EndGlobal
